
Microsoft Visual Studio Solution File, Format Version 12.00
# Visual Studio Version 16
VisualStudioVersion = 25.0.1706.14
MinimumVisualStudioVersion = 10.0.40219.1
Project("{FAE04EC0-301F-11D3-BF4B-00C04F79EFBC}") = "CheckURI", "CheckURI\CheckURI.csproj", "{D3C681E5-BAEC-4F74-AF44-9D9E41A39E1A}"
EndProject
Global
	GlobalSection(SolutionConfigurationPlatforms) = preSolution
		Debug|Any CPU = Debug|Any CPU
		Release|Any CPU = Release|Any CPU
	EndGlobalSection
	GlobalSection(ProjectConfigurationPlatforms) = postSolution
		{D3C681E5-BAEC-4F74-AF44-9D9E41A39E1A}.Debug|Any CPU.ActiveCfg = Debug|Any CPU
		{D3C681E5-BAEC-4F74-AF44-9D9E41A39E1A}.Debug|Any CPU.Build.0 = Debug|Any CPU
		{D3C681E5-BAEC-4F74-AF44-9D9E41A39E1A}.Release|Any CPU.ActiveCfg = Release|Any CPU
		{D3C681E5-BAEC-4F74-AF44-9D9E41A39E1A}.Release|Any CPU.Build.0 = Release|Any CPU
	EndGlobalSection
	GlobalSection(SolutionProperties) = preSolution
		HideSolutionNode = FALSE
	EndGlobalSection
	GlobalSection(ExtensibilityGlobals) = postSolution
		SolutionGuid = {3FEABD90-3479-4E05-9243-1C9898CF2C36}
	EndGlobalSection
EndGlobal
